
Microsoft Visual Studio Solution File, Format Version 12.00
# Visual Studio Version 17
VisualStudioVersion = 17.0.31903.59
MinimumVisualStudioVersion = 10.0.40219.1
Project("{2150E333-8FDC-42A3-9474-1A3956D46DE8}") = "src", "src", "{C29D3CEC-F5EC-489C-A16C-63333215B43F}"
EndProject
Project("{FAE04EC0-301F-11D3-BF4B-00C04F79EFBC}") = "Ecommerce.Infrastructure", "src\Infrastructure\Ecommerce.Infrastructure.csproj", "{1AB9BDBC-C38E-4D8B-B8CC-F2CB2AB58026}"
EndProject
Project("{2150E333-8FDC-42A3-9474-1A3956D46DE8}") = "Core", "Core", "{B51D00C0-2B34-4194-9CED-7CC9F33E8406}"
EndProject
Project("{FAE04EC0-301F-11D3-BF4B-00C04F79EFBC}") = "Ecommerce.Domain", "src\Core\Ecommerce.Domain\Ecommerce.Domain.csproj", "{D31A13FD-885E-4409-99AF-9496827CC76B}"
EndProject
Project("{FAE04EC0-301F-11D3-BF4B-00C04F79EFBC}") = "Ecommerce.Application", "src\Core\Ecommerce.Application\Ecommerce.Application.csproj", "{AEB90249-6B93-471C-865B-0322913BD755}"
EndProject
Project("{FAE04EC0-301F-11D3-BF4B-00C04F79EFBC}") = "Ecommerce.Api", "src\Api\Ecommerce.Api.csproj", "{44A434E3-110A-405D-89BE-919CEF165C35}"
EndProject
Global
	GlobalSection(SolutionConfigurationPlatforms) = preSolution
		Debug|Any CPU = Debug|Any CPU
		Release|Any CPU = Release|Any CPU
	EndGlobalSection
	GlobalSection(SolutionProperties) = preSolution
		HideSolutionNode = FALSE
	EndGlobalSection
	GlobalSection(ProjectConfigurationPlatforms) = postSolution
		{1AB9BDBC-C38E-4D8B-B8CC-F2CB2AB58026}.Debug|Any CPU.ActiveCfg = Debug|Any CPU
		{1AB9BDBC-C38E-4D8B-B8CC-F2CB2AB58026}.Debug|Any CPU.Build.0 = Debug|Any CPU
		{1AB9BDBC-C38E-4D8B-B8CC-F2CB2AB58026}.Release|Any CPU.ActiveCfg = Release|Any CPU
		{1AB9BDBC-C38E-4D8B-B8CC-F2CB2AB58026}.Release|Any CPU.Build.0 = Release|Any CPU
		{D31A13FD-885E-4409-99AF-9496827CC76B}.Debug|Any CPU.ActiveCfg = Debug|Any CPU
		{D31A13FD-885E-4409-99AF-9496827CC76B}.Debug|Any CPU.Build.0 = Debug|Any CPU
		{D31A13FD-885E-4409-99AF-9496827CC76B}.Release|Any CPU.ActiveCfg = Release|Any CPU
		{D31A13FD-885E-4409-99AF-9496827CC76B}.Release|Any CPU.Build.0 = Release|Any CPU
		{AEB90249-6B93-471C-865B-0322913BD755}.Debug|Any CPU.ActiveCfg = Debug|Any CPU
		{AEB90249-6B93-471C-865B-0322913BD755}.Debug|Any CPU.Build.0 = Debug|Any CPU
		{AEB90249-6B93-471C-865B-0322913BD755}.Release|Any CPU.ActiveCfg = Release|Any CPU
		{AEB90249-6B93-471C-865B-0322913BD755}.Release|Any CPU.Build.0 = Release|Any CPU
		{44A434E3-110A-405D-89BE-919CEF165C35}.Debug|Any CPU.ActiveCfg = Debug|Any CPU
		{44A434E3-110A-405D-89BE-919CEF165C35}.Debug|Any CPU.Build.0 = Debug|Any CPU
		{44A434E3-110A-405D-89BE-919CEF165C35}.Release|Any CPU.ActiveCfg = Release|Any CPU
		{44A434E3-110A-405D-89BE-919CEF165C35}.Release|Any CPU.Build.0 = Release|Any CPU
	EndGlobalSection
	GlobalSection(NestedProjects) = preSolution
		{1AB9BDBC-C38E-4D8B-B8CC-F2CB2AB58026} = {C29D3CEC-F5EC-489C-A16C-63333215B43F}
		{B51D00C0-2B34-4194-9CED-7CC9F33E8406} = {C29D3CEC-F5EC-489C-A16C-63333215B43F}
		{D31A13FD-885E-4409-99AF-9496827CC76B} = {B51D00C0-2B34-4194-9CED-7CC9F33E8406}
		{AEB90249-6B93-471C-865B-0322913BD755} = {B51D00C0-2B34-4194-9CED-7CC9F33E8406}
		{44A434E3-110A-405D-89BE-919CEF165C35} = {C29D3CEC-F5EC-489C-A16C-63333215B43F}
	EndGlobalSection
EndGlobal
